
Microsoft Visual Studio Solution File, Format Version 12.00
Project("{F2A71F9B-5D33-465A-A702-920D77279786}") = "Calculator", "Calculator\Calculator.fsproj", "{22EF2194-B913-4FCB-9971-CF1DC557E10B}"
EndProject
Project("{F2A71F9B-5D33-465A-A702-920D77279786}") = "hw6", "hw6\hw6.fsproj", "{60A58914-9B1C-4E18-A3E0-FADC23649B1B}"
EndProject
Project("{FAE04EC0-301F-11D3-BF4B-00C04F79EFBC}") = "GiraffeTests", "GiraffeTests\GiraffeTests.csproj", "{B2999054-58D9-4B71-8089-6AEBDBF40700}"
EndProject
Global
	GlobalSection(SolutionConfigurationPlatforms) = preSolution
		Debug|Any CPU = Debug|Any CPU
		Release|Any CPU = Release|Any CPU
	EndGlobalSection
	GlobalSection(ProjectConfigurationPlatforms) = postSolution
		{60A58914-9B1C-4E18-A3E0-FADC23649B1B}.Debug|Any CPU.ActiveCfg = Debug|Any CPU
		{60A58914-9B1C-4E18-A3E0-FADC23649B1B}.Debug|Any CPU.Build.0 = Debug|Any CPU
		{60A58914-9B1C-4E18-A3E0-FADC23649B1B}.Release|Any CPU.ActiveCfg = Release|Any CPU
		{60A58914-9B1C-4E18-A3E0-FADC23649B1B}.Release|Any CPU.Build.0 = Release|Any CPU
		{22EF2194-B913-4FCB-9971-CF1DC557E10B}.Debug|Any CPU.ActiveCfg = Debug|Any CPU
		{22EF2194-B913-4FCB-9971-CF1DC557E10B}.Debug|Any CPU.Build.0 = Debug|Any CPU
		{22EF2194-B913-4FCB-9971-CF1DC557E10B}.Release|Any CPU.ActiveCfg = Release|Any CPU
		{22EF2194-B913-4FCB-9971-CF1DC557E10B}.Release|Any CPU.Build.0 = Release|Any CPU
		{B2999054-58D9-4B71-8089-6AEBDBF40700}.Debug|Any CPU.ActiveCfg = Debug|Any CPU
		{B2999054-58D9-4B71-8089-6AEBDBF40700}.Debug|Any CPU.Build.0 = Debug|Any CPU
		{B2999054-58D9-4B71-8089-6AEBDBF40700}.Release|Any CPU.ActiveCfg = Release|Any CPU
		{B2999054-58D9-4B71-8089-6AEBDBF40700}.Release|Any CPU.Build.0 = Release|Any CPU
	EndGlobalSection
EndGlobal
