
Microsoft Visual Studio Solution File, Format Version 12.00
Project("{FAE04EC0-301F-11D3-BF4B-00C04F79EFBC}") = "databaseApp", "databaseApp\databaseApp.csproj", "{37F929FC-8258-4139-BFEE-7C115F496832}"
EndProject
Global
	GlobalSection(SolutionConfigurationPlatforms) = preSolution
		Debug|Any CPU = Debug|Any CPU
		Release|Any CPU = Release|Any CPU
	EndGlobalSection
	GlobalSection(ProjectConfigurationPlatforms) = postSolution
		{37F929FC-8258-4139-BFEE-7C115F496832}.Debug|Any CPU.ActiveCfg = Debug|Any CPU
		{37F929FC-8258-4139-BFEE-7C115F496832}.Debug|Any CPU.Build.0 = Debug|Any CPU
		{37F929FC-8258-4139-BFEE-7C115F496832}.Release|Any CPU.ActiveCfg = Release|Any CPU
		{37F929FC-8258-4139-BFEE-7C115F496832}.Release|Any CPU.Build.0 = Release|Any CPU
	EndGlobalSection
EndGlobal
