
Microsoft Visual Studio Solution File, Format Version 12.00
# Visual Studio Version 16
VisualStudioVersion = 16.0.30523.141
MinimumVisualStudioVersion = 10.0.40219.1
Project("{9A19103F-16F7-4668-BE54-9A1E7A4F7556}") = "hw1", "hw1\hw1.csproj", "{0D3DD12A-86A9-46B1-9411-6397EBDB7457}"
EndProject
Project("{FAE04EC0-301F-11D3-BF4B-00C04F79EFBC}") = "hw1.tests", "hw1.tests\hw1.tests.csproj", "{8C4D83A8-F0B3-4298-A632-FCAB7C6A1F02}"
EndProject
Global
	GlobalSection(SolutionConfigurationPlatforms) = preSolution
		Debug|Any CPU = Debug|Any CPU
		Release|Any CPU = Release|Any CPU
	EndGlobalSection
	GlobalSection(ProjectConfigurationPlatforms) = postSolution
		{0D3DD12A-86A9-46B1-9411-6397EBDB7457}.Debug|Any CPU.ActiveCfg = Debug|Any CPU
		{0D3DD12A-86A9-46B1-9411-6397EBDB7457}.Debug|Any CPU.Build.0 = Debug|Any CPU
		{0D3DD12A-86A9-46B1-9411-6397EBDB7457}.Release|Any CPU.ActiveCfg = Release|Any CPU
		{0D3DD12A-86A9-46B1-9411-6397EBDB7457}.Release|Any CPU.Build.0 = Release|Any CPU
		{8C4D83A8-F0B3-4298-A632-FCAB7C6A1F02}.Debug|Any CPU.ActiveCfg = Debug|Any CPU
		{8C4D83A8-F0B3-4298-A632-FCAB7C6A1F02}.Debug|Any CPU.Build.0 = Debug|Any CPU
		{8C4D83A8-F0B3-4298-A632-FCAB7C6A1F02}.Release|Any CPU.ActiveCfg = Release|Any CPU
		{8C4D83A8-F0B3-4298-A632-FCAB7C6A1F02}.Release|Any CPU.Build.0 = Release|Any CPU
	EndGlobalSection
	GlobalSection(SolutionProperties) = preSolution
		HideSolutionNode = FALSE
	EndGlobalSection
	GlobalSection(ExtensibilityGlobals) = postSolution
		SolutionGuid = {9077EF38-E680-4B5F-8273-37B15275C72C}
	EndGlobalSection
EndGlobal
