
Microsoft Visual Studio Solution File, Format Version 12.00
# Visual Studio Version 16
VisualStudioVersion = 16.0.30523.141
MinimumVisualStudioVersion = 10.0.40219.1
Project("{9A19103F-16F7-4668-BE54-9A1E7A4F7556}") = "hw1", "hw1\hw1.csproj", "{269B7121-A865-42C9-B39E-35BAC41228C1}"
EndProject
Project("{FAE04EC0-301F-11D3-BF4B-00C04F79EFBC}") = "hw1.tests", "hw1.tests\hw1.tests.csproj", "{6DFCD40F-B179-4D82-86DA-EC43126B1293}"
EndProject
Global
	GlobalSection(SolutionConfigurationPlatforms) = preSolution
		Debug|Any CPU = Debug|Any CPU
		Release|Any CPU = Release|Any CPU
	EndGlobalSection
	GlobalSection(ProjectConfigurationPlatforms) = postSolution
		{269B7121-A865-42C9-B39E-35BAC41228C1}.Debug|Any CPU.ActiveCfg = Debug|Any CPU
		{269B7121-A865-42C9-B39E-35BAC41228C1}.Debug|Any CPU.Build.0 = Debug|Any CPU
		{269B7121-A865-42C9-B39E-35BAC41228C1}.Release|Any CPU.ActiveCfg = Release|Any CPU
		{269B7121-A865-42C9-B39E-35BAC41228C1}.Release|Any CPU.Build.0 = Release|Any CPU
		{6DFCD40F-B179-4D82-86DA-EC43126B1293}.Debug|Any CPU.ActiveCfg = Debug|Any CPU
		{6DFCD40F-B179-4D82-86DA-EC43126B1293}.Debug|Any CPU.Build.0 = Debug|Any CPU
		{6DFCD40F-B179-4D82-86DA-EC43126B1293}.Release|Any CPU.ActiveCfg = Release|Any CPU
		{6DFCD40F-B179-4D82-86DA-EC43126B1293}.Release|Any CPU.Build.0 = Release|Any CPU
	EndGlobalSection
	GlobalSection(SolutionProperties) = preSolution
		HideSolutionNode = FALSE
	EndGlobalSection
	GlobalSection(ExtensibilityGlobals) = postSolution
		SolutionGuid = {D06606C2-2576-4641-89C8-9389E2F54161}
	EndGlobalSection
EndGlobal
